
Microsoft Visual Studio Solution File, Format Version 12.00
# Visual Studio Version 16
VisualStudioVersion = 16.0.31729.503
MinimumVisualStudioVersion = 10.0.40219.1
Project("{FAE04EC0-301F-11D3-BF4B-00C04F79EFBC}") = "WPFCalc", "WPFCalc\WPFCalc.csproj", "{8CFBDA2A-D7F5-40FB-8903-D88AC4A72086}"
EndProject
Global
	GlobalSection(SolutionConfigurationPlatforms) = preSolution
		Debug|Any CPU = Debug|Any CPU
		Release|Any CPU = Release|Any CPU
	EndGlobalSection
	GlobalSection(ProjectConfigurationPlatforms) = postSolution
		{8CFBDA2A-D7F5-40FB-8903-D88AC4A72086}.Debug|Any CPU.ActiveCfg = Debug|Any CPU
		{8CFBDA2A-D7F5-40FB-8903-D88AC4A72086}.Debug|Any CPU.Build.0 = Debug|Any CPU
		{8CFBDA2A-D7F5-40FB-8903-D88AC4A72086}.Release|Any CPU.ActiveCfg = Release|Any CPU
		{8CFBDA2A-D7F5-40FB-8903-D88AC4A72086}.Release|Any CPU.Build.0 = Release|Any CPU
	EndGlobalSection
	GlobalSection(SolutionProperties) = preSolution
		HideSolutionNode = FALSE
	EndGlobalSection
	GlobalSection(ExtensibilityGlobals) = postSolution
		SolutionGuid = {2B8420E6-F902-4BEF-8425-07FE7EAF5B35}
	EndGlobalSection
EndGlobal
